{"filter":false,"title":"composer.lock","tooltip":"/tasklist/composer.lock","undoManager":{"mark":-1,"position":-1,"stack":[]},"ace":{"folds":[],"scrolltop":182.5,"scrollleft":0,"selection":{"start":{"row":0,"column":0},"end":{"row":0,"column":0},"isBackwards":false},"options":{"guessTabSize":true,"useWrapMode":false,"wrapToView":true},"firstLineState":{"row":1,"state":"start","mode":"ace/mode/json"}},"timestamp":1528785586601,"hash":"dc7fa0a0b58fc64be95f1e8b35730452217fc2a5"}